
Microsoft Visual Studio Solution File, Format Version 12.00
Project("{FAE04EC0-301F-11D3-BF4B-00C04F79EFBC}") = "DataAccess", "DataAccess\DataAccess.csproj", "{C97859E1-08BF-412B-8E65-68C9A4C48C0A}"
EndProject
Project("{FAE04EC0-301F-11D3-BF4B-00C04F79EFBC}") = "Entities", "Entities\Entities.csproj", "{3D2175E2-7B21-4E70-B20D-9D81E4C68C02}"
EndProject
Project("{FAE04EC0-301F-11D3-BF4B-00C04F79EFBC}") = "Business", "Business\Business.csproj", "{45A74F1B-9C8C-4FBC-8D5E-34D5FF1F5F3F}"
EndProject
Project("{FAE04EC0-301F-11D3-BF4B-00C04F79EFBC}") = "ConsoleUI", "ConsoleUI\ConsoleUI.csproj", "{B19A74E5-370E-492F-8B09-3022C5D0EEE5}"
EndProject
Project("{FAE04EC0-301F-11D3-BF4B-00C04F79EFBC}") = "Core", "Core\Core.csproj", "{391C9114-51AA-43F8-B5D4-493589FDF509}"
EndProject
Global
	GlobalSection(SolutionConfigurationPlatforms) = preSolution
		Debug|Any CPU = Debug|Any CPU
		Release|Any CPU = Release|Any CPU
	EndGlobalSection
	GlobalSection(ProjectConfigurationPlatforms) = postSolution
		{C97859E1-08BF-412B-8E65-68C9A4C48C0A}.Debug|Any CPU.ActiveCfg = Debug|Any CPU
		{C97859E1-08BF-412B-8E65-68C9A4C48C0A}.Debug|Any CPU.Build.0 = Debug|Any CPU
		{C97859E1-08BF-412B-8E65-68C9A4C48C0A}.Release|Any CPU.ActiveCfg = Release|Any CPU
		{C97859E1-08BF-412B-8E65-68C9A4C48C0A}.Release|Any CPU.Build.0 = Release|Any CPU
		{3D2175E2-7B21-4E70-B20D-9D81E4C68C02}.Debug|Any CPU.ActiveCfg = Debug|Any CPU
		{3D2175E2-7B21-4E70-B20D-9D81E4C68C02}.Debug|Any CPU.Build.0 = Debug|Any CPU
		{3D2175E2-7B21-4E70-B20D-9D81E4C68C02}.Release|Any CPU.ActiveCfg = Release|Any CPU
		{3D2175E2-7B21-4E70-B20D-9D81E4C68C02}.Release|Any CPU.Build.0 = Release|Any CPU
		{45A74F1B-9C8C-4FBC-8D5E-34D5FF1F5F3F}.Debug|Any CPU.ActiveCfg = Debug|Any CPU
		{45A74F1B-9C8C-4FBC-8D5E-34D5FF1F5F3F}.Debug|Any CPU.Build.0 = Debug|Any CPU
		{45A74F1B-9C8C-4FBC-8D5E-34D5FF1F5F3F}.Release|Any CPU.ActiveCfg = Release|Any CPU
		{45A74F1B-9C8C-4FBC-8D5E-34D5FF1F5F3F}.Release|Any CPU.Build.0 = Release|Any CPU
		{B19A74E5-370E-492F-8B09-3022C5D0EEE5}.Debug|Any CPU.ActiveCfg = Debug|Any CPU
		{B19A74E5-370E-492F-8B09-3022C5D0EEE5}.Debug|Any CPU.Build.0 = Debug|Any CPU
		{B19A74E5-370E-492F-8B09-3022C5D0EEE5}.Release|Any CPU.ActiveCfg = Release|Any CPU
		{B19A74E5-370E-492F-8B09-3022C5D0EEE5}.Release|Any CPU.Build.0 = Release|Any CPU
		{391C9114-51AA-43F8-B5D4-493589FDF509}.Debug|Any CPU.ActiveCfg = Debug|Any CPU
		{391C9114-51AA-43F8-B5D4-493589FDF509}.Debug|Any CPU.Build.0 = Debug|Any CPU
		{391C9114-51AA-43F8-B5D4-493589FDF509}.Release|Any CPU.ActiveCfg = Release|Any CPU
		{391C9114-51AA-43F8-B5D4-493589FDF509}.Release|Any CPU.Build.0 = Release|Any CPU
	EndGlobalSection
EndGlobal
